# This file is automatically @generated by Poetry and should not be changed by hand.

[[package]]
name = "slack-sdk"
version = "3.20.1"
description = "The Slack API Platform SDK for Python"
category = "main"
optional = false
python-versions = ">=3.6.0"
files = [
    {file = "slack_sdk-3.20.1-py2.py3-none-any.whl", hash = "sha256:a23aa223fe52238196000afddef380292ea27148846ba31cc80c3fbc018bcfc8"},
    {file = "slack_sdk-3.20.1.tar.gz", hash = "sha256:0ba2eca9f0aeb66cc893a768e7ad2cdd74260c394b9b51666d4b665664d0cadd"},
]

[package.extras]
optional = ["SQLAlchemy (>=1.4,<3)", "aiodns (>1.0)", "aiohttp (>=3.7.3,<4)", "boto3 (<=2)", "websocket-client (>=1,<2)", "websockets (>=10,<11)"]
testing = ["Flask (>=1,<2)", "Flask-Sockets (>=0.2,<1)", "Jinja2 (==3.0.3)", "Werkzeug (<2)", "black (==22.8.0)", "boto3 (<=2)", "click (==8.0.4)", "codecov (>=2,<3)", "databases (>=0.5)", "flake8 (>=5,<6)", "itsdangerous (==1.1.0)", "moto (>=3,<4)", "psutil (>=5,<6)", "pytest (>=6.2.5,<7)", "pytest-asyncio (<1)", "pytest-cov (>=2,<3)"]

[metadata]
lock-version = "2.0"
python-versions = "^3.9.0"
content-hash = "194530f4b7786045a4c83774bb5d92ad43204eced3b071332a34020684b9b48d"
